// !$*UTF8*$!
{
	archiveVersion = 1;
	classes = {
	};
	objectVersion = 56;
	objects = {

/* Begin PBXBuildFile section */
		31011E1F2C04AC0A003B39FD /* MarvelApp.swift in Sources */ = {isa = PBXBuildFile; fileRef = 31011E1E2C04AC0A003B39FD /* MarvelApp.swift */; };
		31011E212C04AC0A003B39FD /* MainView.swift in Sources */ = {isa = PBXBuildFile; fileRef = 31011E202C04AC0A003B39FD /* MainView.swift */; };
		31011E232C04AC0C003B39FD /* Assets.xcassets in Resources */ = {isa = PBXBuildFile; fileRef = 31011E222C04AC0C003B39FD /* Assets.xcassets */; };
		31011E262C04AC0C003B39FD /* Preview Assets.xcassets in Resources */ = {isa = PBXBuildFile; fileRef = 31011E252C04AC0C003B39FD /* Preview Assets.xcassets */; };
		312EEC0E2C08AEDC00F5BEAD /* NetworkServiceProvider.swift in Sources */ = {isa = PBXBuildFile; fileRef = 312EEC0D2C08AEDC00F5BEAD /* NetworkServiceProvider.swift */; };
		312EEC122C08B17200F5BEAD /* CharactersRepository.swift in Sources */ = {isa = PBXBuildFile; fileRef = 312EEC112C08B17200F5BEAD /* CharactersRepository.swift */; };
		312EEC152C08B1C500F5BEAD /* CharacterApiModel.swift in Sources */ = {isa = PBXBuildFile; fileRef = 312EEC142C08B1C500F5BEAD /* CharacterApiModel.swift */; };
		312EEC172C08B20A00F5BEAD /* CharacterDetailApiModel.swift in Sources */ = {isa = PBXBuildFile; fileRef = 312EEC162C08B20A00F5BEAD /* CharacterDetailApiModel.swift */; };
		312EEC1A2C08B23900F5BEAD /* CharactersNetworkRepository.swift in Sources */ = {isa = PBXBuildFile; fileRef = 312EEC192C08B23900F5BEAD /* CharactersNetworkRepository.swift */; };
		312EEC1C2C08C42400F5BEAD /* CharacterModel.swift in Sources */ = {isa = PBXBuildFile; fileRef = 312EEC1B2C08C42400F5BEAD /* CharacterModel.swift */; };
		312EEC1E2C08C43300F5BEAD /* CharacterDetailModel.swift in Sources */ = {isa = PBXBuildFile; fileRef = 312EEC1D2C08C43300F5BEAD /* CharacterDetailModel.swift */; };
		312EEC222C08C53C00F5BEAD /* CharacterListView.swift in Sources */ = {isa = PBXBuildFile; fileRef = 312EEC212C08C53C00F5BEAD /* CharacterListView.swift */; };
		312EEC242C08C54F00F5BEAD /* CharacterListViewModel.swift in Sources */ = {isa = PBXBuildFile; fileRef = 312EEC232C08C54F00F5BEAD /* CharacterListViewModel.swift */; };
		312EEC262C08C5F400F5BEAD /* CharacterListBuilder.swift in Sources */ = {isa = PBXBuildFile; fileRef = 312EEC252C08C5F400F5BEAD /* CharacterListBuilder.swift */; };
		312EEC2A2C08CBBC00F5BEAD /* NetworkProviderError.swift in Sources */ = {isa = PBXBuildFile; fileRef = 312EEC292C08CBBC00F5BEAD /* NetworkProviderError.swift */; };
		312EEC2D2C08CE2B00F5BEAD /* CharacterApiMapper.swift in Sources */ = {isa = PBXBuildFile; fileRef = 312EEC2C2C08CE2B00F5BEAD /* CharacterApiMapper.swift */; };
		312EEC2F2C08CE3D00F5BEAD /* CharacterDetailApiMapper.swift in Sources */ = {isa = PBXBuildFile; fileRef = 312EEC2E2C08CE3D00F5BEAD /* CharacterDetailApiMapper.swift */; };
		312EEC312C08D05500F5BEAD /* NetworkRequestBuilder.swift in Sources */ = {isa = PBXBuildFile; fileRef = 312EEC302C08D05500F5BEAD /* NetworkRequestBuilder.swift */; };
		312EEC332C08D94300F5BEAD /* NetworkUtils.swift in Sources */ = {isa = PBXBuildFile; fileRef = 312EEC322C08D94300F5BEAD /* NetworkUtils.swift */; };
		312EEC382C09F5CB00F5BEAD /* CharacterCell.swift in Sources */ = {isa = PBXBuildFile; fileRef = 312EEC372C09F5CB00F5BEAD /* CharacterCell.swift */; };
		312EEC3B2C09FB4800F5BEAD /* View+Extension.swift in Sources */ = {isa = PBXBuildFile; fileRef = 312EEC3A2C09FB4800F5BEAD /* View+Extension.swift */; };
		312EEC402C09FD0500F5BEAD /* Colors.xcassets in Resources */ = {isa = PBXBuildFile; fileRef = 312EEC3F2C09FD0500F5BEAD /* Colors.xcassets */; };
		312EEC432C0A037100F5BEAD /* CharacterDetailView.swift in Sources */ = {isa = PBXBuildFile; fileRef = 312EEC422C0A037100F5BEAD /* CharacterDetailView.swift */; };
/* End PBXBuildFile section */

/* Begin PBXFileReference section */
		31011E1B2C04AC0A003B39FD /* Marvel.app */ = {isa = PBXFileReference; explicitFileType = wrapper.application; includeInIndex = 0; path = Marvel.app; sourceTree = BUILT_PRODUCTS_DIR; };
		31011E1E2C04AC0A003B39FD /* MarvelApp.swift */ = {isa = PBXFileReference; lastKnownFileType = sourcecode.swift; path = MarvelApp.swift; sourceTree = "<group>"; };
		31011E202C04AC0A003B39FD /* MainView.swift */ = {isa = PBXFileReference; lastKnownFileType = sourcecode.swift; path = MainView.swift; sourceTree = "<group>"; };
		31011E222C04AC0C003B39FD /* Assets.xcassets */ = {isa = PBXFileReference; lastKnownFileType = folder.assetcatalog; path = Assets.xcassets; sourceTree = "<group>"; };
		31011E252C04AC0C003B39FD /* Preview Assets.xcassets */ = {isa = PBXFileReference; lastKnownFileType = folder.assetcatalog; path = "Preview Assets.xcassets"; sourceTree = "<group>"; };
		312EEC0D2C08AEDC00F5BEAD /* NetworkServiceProvider.swift */ = {isa = PBXFileReference; lastKnownFileType = sourcecode.swift; path = NetworkServiceProvider.swift; sourceTree = "<group>"; };
		312EEC112C08B17200F5BEAD /* CharactersRepository.swift */ = {isa = PBXFileReference; lastKnownFileType = sourcecode.swift; path = CharactersRepository.swift; sourceTree = "<group>"; };
		312EEC142C08B1C500F5BEAD /* CharacterApiModel.swift */ = {isa = PBXFileReference; lastKnownFileType = sourcecode.swift; path = CharacterApiModel.swift; sourceTree = "<group>"; };
		312EEC162C08B20A00F5BEAD /* CharacterDetailApiModel.swift */ = {isa = PBXFileReference; lastKnownFileType = sourcecode.swift; path = CharacterDetailApiModel.swift; sourceTree = "<group>"; };
		312EEC192C08B23900F5BEAD /* CharactersNetworkRepository.swift */ = {isa = PBXFileReference; lastKnownFileType = sourcecode.swift; path = CharactersNetworkRepository.swift; sourceTree = "<group>"; };
		312EEC1B2C08C42400F5BEAD /* CharacterModel.swift */ = {isa = PBXFileReference; lastKnownFileType = sourcecode.swift; path = CharacterModel.swift; sourceTree = "<group>"; };
		312EEC1D2C08C43300F5BEAD /* CharacterDetailModel.swift */ = {isa = PBXFileReference; lastKnownFileType = sourcecode.swift; path = CharacterDetailModel.swift; sourceTree = "<group>"; };
		312EEC212C08C53C00F5BEAD /* CharacterListView.swift */ = {isa = PBXFileReference; lastKnownFileType = sourcecode.swift; path = CharacterListView.swift; sourceTree = "<group>"; };
		312EEC232C08C54F00F5BEAD /* CharacterListViewModel.swift */ = {isa = PBXFileReference; lastKnownFileType = sourcecode.swift; path = CharacterListViewModel.swift; sourceTree = "<group>"; };
		312EEC252C08C5F400F5BEAD /* CharacterListBuilder.swift */ = {isa = PBXFileReference; lastKnownFileType = sourcecode.swift; path = CharacterListBuilder.swift; sourceTree = "<group>"; };
		312EEC292C08CBBC00F5BEAD /* NetworkProviderError.swift */ = {isa = PBXFileReference; lastKnownFileType = sourcecode.swift; path = NetworkProviderError.swift; sourceTree = "<group>"; };
		312EEC2C2C08CE2B00F5BEAD /* CharacterApiMapper.swift */ = {isa = PBXFileReference; lastKnownFileType = sourcecode.swift; path = CharacterApiMapper.swift; sourceTree = "<group>"; };
		312EEC2E2C08CE3D00F5BEAD /* CharacterDetailApiMapper.swift */ = {isa = PBXFileReference; lastKnownFileType = sourcecode.swift; path = CharacterDetailApiMapper.swift; sourceTree = "<group>"; };
		312EEC302C08D05500F5BEAD /* NetworkRequestBuilder.swift */ = {isa = PBXFileReference; lastKnownFileType = sourcecode.swift; path = NetworkRequestBuilder.swift; sourceTree = "<group>"; };
		312EEC322C08D94300F5BEAD /* NetworkUtils.swift */ = {isa = PBXFileReference; lastKnownFileType = sourcecode.swift; path = NetworkUtils.swift; sourceTree = "<group>"; };
		312EEC372C09F5CB00F5BEAD /* CharacterCell.swift */ = {isa = PBXFileReference; lastKnownFileType = sourcecode.swift; path = CharacterCell.swift; sourceTree = "<group>"; };
		312EEC3A2C09FB4800F5BEAD /* View+Extension.swift */ = {isa = PBXFileReference; lastKnownFileType = sourcecode.swift; path = "View+Extension.swift"; sourceTree = "<group>"; };
		312EEC3F2C09FD0500F5BEAD /* Colors.xcassets */ = {isa = PBXFileReference; lastKnownFileType = folder.assetcatalog; path = Colors.xcassets; sourceTree = "<group>"; };
		312EEC422C0A037100F5BEAD /* CharacterDetailView.swift */ = {isa = PBXFileReference; lastKnownFileType = sourcecode.swift; path = CharacterDetailView.swift; sourceTree = "<group>"; };
/* End PBXFileReference section */

/* Begin PBXFrameworksBuildPhase section */
		31011E182C04AC0A003B39FD /* Frameworks */ = {
			isa = PBXFrameworksBuildPhase;
			buildActionMask = 2147483647;
			files = (
			);
			runOnlyForDeploymentPostprocessing = 0;
		};
/* End PBXFrameworksBuildPhase section */

/* Begin PBXGroup section */
		31011E122C04AC0A003B39FD = {
			isa = PBXGroup;
			children = (
				31011E1D2C04AC0A003B39FD /* Marvel */,
				31011E1C2C04AC0A003B39FD /* Products */,
			);
			sourceTree = "<group>";
		};
		31011E1C2C04AC0A003B39FD /* Products */ = {
			isa = PBXGroup;
			children = (
				31011E1B2C04AC0A003B39FD /* Marvel.app */,
			);
			name = Products;
			sourceTree = "<group>";
		};
		31011E1D2C04AC0A003B39FD /* Marvel */ = {
			isa = PBXGroup;
			children = (
				31011E1E2C04AC0A003B39FD /* MarvelApp.swift */,
				312EEC082C08ABE800F5BEAD /* Presentation */,
				312EEC072C08ABE300F5BEAD /* Data */,
				31011E242C04AC0C003B39FD /* Preview Content */,
			);
			path = Marvel;
			sourceTree = "<group>";
		};
		31011E242C04AC0C003B39FD /* Preview Content */ = {
			isa = PBXGroup;
			children = (
				31011E252C04AC0C003B39FD /* Preview Assets.xcassets */,
			);
			path = "Preview Content";
			sourceTree = "<group>";
		};
		312EEC072C08ABE300F5BEAD /* Data */ = {
			isa = PBXGroup;
			children = (
				312EEC352C09CD3A00F5BEAD /* Domain */,
				312EEC092C08AC6900F5BEAD /* Network */,
			);
			path = Data;
			sourceTree = "<group>";
		};
		312EEC082C08ABE800F5BEAD /* Presentation */ = {
			isa = PBXGroup;
			children = (
				312EEC3E2C09FCED00F5BEAD /* Assets */,
				31011E202C04AC0A003B39FD /* MainView.swift */,
				312EEC392C09FB3900F5BEAD /* common */,
				312EEC202C08C52200F5BEAD /* CharacterList */,
				312EEC412C0A035200F5BEAD /* CharacterDetail */,
			);
			path = Presentation;
			sourceTree = "<group>";
		};
		312EEC092C08AC6900F5BEAD /* Network */ = {
			isa = PBXGroup;
			children = (
				312EEC342C09CD0D00F5BEAD /* Common */,
				312EEC282C08CA0200F5BEAD /* Characters */,
			);
			path = Network;
			sourceTree = "<group>";
		};
		312EEC132C08B1A200F5BEAD /* Models */ = {
			isa = PBXGroup;
			children = (
				312EEC142C08B1C500F5BEAD /* CharacterApiModel.swift */,
				312EEC162C08B20A00F5BEAD /* CharacterDetailApiModel.swift */,
			);
			path = Models;
			sourceTree = "<group>";
		};
		312EEC182C08B22800F5BEAD /* Characters */ = {
			isa = PBXGroup;
			children = (
				312EEC112C08B17200F5BEAD /* CharactersRepository.swift */,
				312EEC1B2C08C42400F5BEAD /* CharacterModel.swift */,
				312EEC1D2C08C43300F5BEAD /* CharacterDetailModel.swift */,
			);
			path = Characters;
			sourceTree = "<group>";
		};
		312EEC202C08C52200F5BEAD /* CharacterList */ = {
			isa = PBXGroup;
			children = (
				312EEC362C09F5BD00F5BEAD /* Views */,
				312EEC252C08C5F400F5BEAD /* CharacterListBuilder.swift */,
				312EEC212C08C53C00F5BEAD /* CharacterListView.swift */,
				312EEC232C08C54F00F5BEAD /* CharacterListViewModel.swift */,
			);
			path = CharacterList;
			sourceTree = "<group>";
		};
		312EEC282C08CA0200F5BEAD /* Characters */ = {
			isa = PBXGroup;
			children = (
				312EEC132C08B1A200F5BEAD /* Models */,
				312EEC2B2C08CDD700F5BEAD /* Mappers */,
				312EEC192C08B23900F5BEAD /* CharactersNetworkRepository.swift */,
			);
			path = Characters;
			sourceTree = "<group>";
		};
		312EEC2B2C08CDD700F5BEAD /* Mappers */ = {
			isa = PBXGroup;
			children = (
				312EEC2C2C08CE2B00F5BEAD /* CharacterApiMapper.swift */,
				312EEC2E2C08CE3D00F5BEAD /* CharacterDetailApiMapper.swift */,
			);
			path = Mappers;
			sourceTree = "<group>";
		};
		312EEC342C09CD0D00F5BEAD /* Common */ = {
			isa = PBXGroup;
			children = (
				312EEC0D2C08AEDC00F5BEAD /* NetworkServiceProvider.swift */,
				312EEC302C08D05500F5BEAD /* NetworkRequestBuilder.swift */,
				312EEC292C08CBBC00F5BEAD /* NetworkProviderError.swift */,
				312EEC322C08D94300F5BEAD /* NetworkUtils.swift */,
			);
			path = Common;
			sourceTree = "<group>";
		};
		312EEC352C09CD3A00F5BEAD /* Domain */ = {
			isa = PBXGroup;
			children = (
				312EEC182C08B22800F5BEAD /* Characters */,
			);
			path = Domain;
			sourceTree = "<group>";
		};
		312EEC362C09F5BD00F5BEAD /* Views */ = {
			isa = PBXGroup;
			children = (
				312EEC372C09F5CB00F5BEAD /* CharacterCell.swift */,
			);
			path = Views;
			sourceTree = "<group>";
		};
		312EEC392C09FB3900F5BEAD /* common */ = {
			isa = PBXGroup;
			children = (
				312EEC3A2C09FB4800F5BEAD /* View+Extension.swift */,
			);
			path = common;
			sourceTree = "<group>";
		};
		312EEC3E2C09FCED00F5BEAD /* Assets */ = {
			isa = PBXGroup;
			children = (
				31011E222C04AC0C003B39FD /* Assets.xcassets */,
				312EEC3F2C09FD0500F5BEAD /* Colors.xcassets */,
			);
			path = Assets;
			sourceTree = "<group>";
		};
		312EEC412C0A035200F5BEAD /* CharacterDetail */ = {
			isa = PBXGroup;
			children = (
				312EEC422C0A037100F5BEAD /* CharacterDetailView.swift */,
			);
			path = CharacterDetail;
			sourceTree = "<group>";
		};
/* End PBXGroup section */

/* Begin PBXNativeTarget section */
		31011E1A2C04AC0A003B39FD /* Marvel */ = {
			isa = PBXNativeTarget;
			buildConfigurationList = 31011E292C04AC0C003B39FD /* Build configuration list for PBXNativeTarget "Marvel" */;
			buildPhases = (
				31011E172C04AC0A003B39FD /* Sources */,
				31011E182C04AC0A003B39FD /* Frameworks */,
				31011E192C04AC0A003B39FD /* Resources */,
			);
			buildRules = (
			);
			dependencies = (
			);
			name = Marvel;
			productName = Marvel;
			productReference = 31011E1B2C04AC0A003B39FD /* Marvel.app */;
			productType = "com.apple.product-type.application";
		};
/* End PBXNativeTarget section */

/* Begin PBXProject section */
		31011E132C04AC0A003B39FD /* Project object */ = {
			isa = PBXProject;
			attributes = {
				BuildIndependentTargetsInParallel = 1;
				LastSwiftUpdateCheck = 1540;
				LastUpgradeCheck = 1540;
				TargetAttributes = {
					31011E1A2C04AC0A003B39FD = {
						CreatedOnToolsVersion = 15.4;
					};
				};
			};
			buildConfigurationList = 31011E162C04AC0A003B39FD /* Build configuration list for PBXProject "Marvel" */;
			compatibilityVersion = "Xcode 14.0";
			developmentRegion = en;
			hasScannedForEncodings = 0;
			knownRegions = (
				en,
				Base,
			);
			mainGroup = 31011E122C04AC0A003B39FD;
			productRefGroup = 31011E1C2C04AC0A003B39FD /* Products */;
			projectDirPath = "";
			projectRoot = "";
			targets = (
				31011E1A2C04AC0A003B39FD /* Marvel */,
			);
		};
/* End PBXProject section */

/* Begin PBXResourcesBuildPhase section */
		31011E192C04AC0A003B39FD /* Resources */ = {
			isa = PBXResourcesBuildPhase;
			buildActionMask = 2147483647;
			files = (
				312EEC402C09FD0500F5BEAD /* Colors.xcassets in Resources */,
				31011E262C04AC0C003B39FD /* Preview Assets.xcassets in Resources */,
				31011E232C04AC0C003B39FD /* Assets.xcassets in Resources */,
			);
			runOnlyForDeploymentPostprocessing = 0;
		};
/* End PBXResourcesBuildPhase section */

/* Begin PBXSourcesBuildPhase section */
		31011E172C04AC0A003B39FD /* Sources */ = {
			isa = PBXSourcesBuildPhase;
			buildActionMask = 2147483647;
			files = (
				312EEC312C08D05500F5BEAD /* NetworkRequestBuilder.swift in Sources */,
				312EEC172C08B20A00F5BEAD /* CharacterDetailApiModel.swift in Sources */,
				312EEC262C08C5F400F5BEAD /* CharacterListBuilder.swift in Sources */,
				312EEC3B2C09FB4800F5BEAD /* View+Extension.swift in Sources */,
				312EEC382C09F5CB00F5BEAD /* CharacterCell.swift in Sources */,
				312EEC152C08B1C500F5BEAD /* CharacterApiModel.swift in Sources */,
				312EEC1A2C08B23900F5BEAD /* CharactersNetworkRepository.swift in Sources */,
				312EEC222C08C53C00F5BEAD /* CharacterListView.swift in Sources */,
				312EEC122C08B17200F5BEAD /* CharactersRepository.swift in Sources */,
				31011E212C04AC0A003B39FD /* MainView.swift in Sources */,
				312EEC1E2C08C43300F5BEAD /* CharacterDetailModel.swift in Sources */,
				312EEC1C2C08C42400F5BEAD /* CharacterModel.swift in Sources */,
				312EEC2D2C08CE2B00F5BEAD /* CharacterApiMapper.swift in Sources */,
				312EEC0E2C08AEDC00F5BEAD /* NetworkServiceProvider.swift in Sources */,
				312EEC2F2C08CE3D00F5BEAD /* CharacterDetailApiMapper.swift in Sources */,
				312EEC432C0A037100F5BEAD /* CharacterDetailView.swift in Sources */,
				312EEC2A2C08CBBC00F5BEAD /* NetworkProviderError.swift in Sources */,
				31011E1F2C04AC0A003B39FD /* MarvelApp.swift in Sources */,
				312EEC332C08D94300F5BEAD /* NetworkUtils.swift in Sources */,
				312EEC242C08C54F00F5BEAD /* CharacterListViewModel.swift in Sources */,
			);
			runOnlyForDeploymentPostprocessing = 0;
		};
/* End PBXSourcesBuildPhase section */

/* Begin XCBuildConfiguration section */
		31011E272C04AC0C003B39FD /* Debug */ = {
			isa = XCBuildConfiguration;
			buildSettings = {
				ALWAYS_SEARCH_USER_PATHS = NO;
				ASSETCATALOG_COMPILER_GENERATE_SWIFT_ASSET_SYMBOL_EXTENSIONS = YES;
				CLANG_ANALYZER_NONNULL = YES;
				CLANG_ANALYZER_NUMBER_OBJECT_CONVERSION = YES_AGGRESSIVE;
				CLANG_CXX_LANGUAGE_STANDARD = "gnu++20";
				CLANG_ENABLE_MODULES = YES;
				CLANG_ENABLE_OBJC_ARC = YES;
				CLANG_ENABLE_OBJC_WEAK = YES;
				CLANG_WARN_BLOCK_CAPTURE_AUTORELEASING = YES;
				CLANG_WARN_BOOL_CONVERSION = YES;
				CLANG_WARN_COMMA = YES;
				CLANG_WARN_CONSTANT_CONVERSION = YES;
				CLANG_WARN_DEPRECATED_OBJC_IMPLEMENTATIONS = YES;
				CLANG_WARN_DIRECT_OBJC_ISA_USAGE = YES_ERROR;
				CLANG_WARN_DOCUMENTATION_COMMENTS = YES;
				CLANG_WARN_EMPTY_BODY = YES;
				CLANG_WARN_ENUM_CONVERSION = YES;
				CLANG_WARN_INFINITE_RECURSION = YES;
				CLANG_WARN_INT_CONVERSION = YES;
				CLANG_WARN_NON_LITERAL_NULL_CONVERSION = YES;
				CLANG_WARN_OBJC_IMPLICIT_RETAIN_SELF = YES;
				CLANG_WARN_OBJC_LITERAL_CONVERSION = YES;
				CLANG_WARN_OBJC_ROOT_CLASS = YES_ERROR;
				CLANG_WARN_QUOTED_INCLUDE_IN_FRAMEWORK_HEADER = YES;
				CLANG_WARN_RANGE_LOOP_ANALYSIS = YES;
				CLANG_WARN_STRICT_PROTOTYPES = YES;
				CLANG_WARN_SUSPICIOUS_MOVE = YES;
				CLANG_WARN_UNGUARDED_AVAILABILITY = YES_AGGRESSIVE;
				CLANG_WARN_UNREACHABLE_CODE = YES;
				CLANG_WARN__DUPLICATE_METHOD_MATCH = YES;
				COPY_PHASE_STRIP = NO;
				DEBUG_INFORMATION_FORMAT = dwarf;
				ENABLE_STRICT_OBJC_MSGSEND = YES;
				ENABLE_TESTABILITY = YES;
				ENABLE_USER_SCRIPT_SANDBOXING = YES;
				GCC_C_LANGUAGE_STANDARD = gnu17;
				GCC_DYNAMIC_NO_PIC = NO;
				GCC_NO_COMMON_BLOCKS = YES;
				GCC_OPTIMIZATION_LEVEL = 0;
				GCC_PREPROCESSOR_DEFINITIONS = (
					"DEBUG=1",
					"$(inherited)",
				);
				GCC_WARN_64_TO_32_BIT_CONVERSION = YES;
				GCC_WARN_ABOUT_RETURN_TYPE = YES_ERROR;
				GCC_WARN_UNDECLARED_SELECTOR = YES;
				GCC_WARN_UNINITIALIZED_AUTOS = YES_AGGRESSIVE;
				GCC_WARN_UNUSED_FUNCTION = YES;
				GCC_WARN_UNUSED_VARIABLE = YES;
				IPHONEOS_DEPLOYMENT_TARGET = 17.5;
				LOCALIZATION_PREFERS_STRING_CATALOGS = YES;
				MTL_ENABLE_DEBUG_INFO = INCLUDE_SOURCE;
				MTL_FAST_MATH = YES;
				ONLY_ACTIVE_ARCH = YES;
				SDKROOT = iphoneos;
				SWIFT_ACTIVE_COMPILATION_CONDITIONS = "DEBUG $(inherited)";
				SWIFT_OPTIMIZATION_LEVEL = "-Onone";
			};
			name = Debug;
		};
		31011E282C04AC0C003B39FD /* Release */ = {
			isa = XCBuildConfiguration;
			buildSettings = {
				ALWAYS_SEARCH_USER_PATHS = NO;
				ASSETCATALOG_COMPILER_GENERATE_SWIFT_ASSET_SYMBOL_EXTENSIONS = YES;
				CLANG_ANALYZER_NONNULL = YES;
				CLANG_ANALYZER_NUMBER_OBJECT_CONVERSION = YES_AGGRESSIVE;
				CLANG_CXX_LANGUAGE_STANDARD = "gnu++20";
				CLANG_ENABLE_MODULES = YES;
				CLANG_ENABLE_OBJC_ARC = YES;
				CLANG_ENABLE_OBJC_WEAK = YES;
				CLANG_WARN_BLOCK_CAPTURE_AUTORELEASING = YES;
				CLANG_WARN_BOOL_CONVERSION = YES;
				CLANG_WARN_COMMA = YES;
				CLANG_WARN_CONSTANT_CONVERSION = YES;
				CLANG_WARN_DEPRECATED_OBJC_IMPLEMENTATIONS = YES;
				CLANG_WARN_DIRECT_OBJC_ISA_USAGE = YES_ERROR;
				CLANG_WARN_DOCUMENTATION_COMMENTS = YES;
				CLANG_WARN_EMPTY_BODY = YES;
				CLANG_WARN_ENUM_CONVERSION = YES;
				CLANG_WARN_INFINITE_RECURSION = YES;
				CLANG_WARN_INT_CONVERSION = YES;
				CLANG_WARN_NON_LITERAL_NULL_CONVERSION = YES;
				CLANG_WARN_OBJC_IMPLICIT_RETAIN_SELF = YES;
				CLANG_WARN_OBJC_LITERAL_CONVERSION = YES;
				CLANG_WARN_OBJC_ROOT_CLASS = YES_ERROR;
				CLANG_WARN_QUOTED_INCLUDE_IN_FRAMEWORK_HEADER = YES;
				CLANG_WARN_RANGE_LOOP_ANALYSIS = YES;
				CLANG_WARN_STRICT_PROTOTYPES = YES;
				CLANG_WARN_SUSPICIOUS_MOVE = YES;
				CLANG_WARN_UNGUARDED_AVAILABILITY = YES_AGGRESSIVE;
				CLANG_WARN_UNREACHABLE_CODE = YES;
				CLANG_WARN__DUPLICATE_METHOD_MATCH = YES;
				COPY_PHASE_STRIP = NO;
				DEBUG_INFORMATION_FORMAT = "dwarf-with-dsym";
				ENABLE_NS_ASSERTIONS = NO;
				ENABLE_STRICT_OBJC_MSGSEND = YES;
				ENABLE_USER_SCRIPT_SANDBOXING = YES;
				GCC_C_LANGUAGE_STANDARD = gnu17;
				GCC_NO_COMMON_BLOCKS = YES;
				GCC_WARN_64_TO_32_BIT_CONVERSION = YES;
				GCC_WARN_ABOUT_RETURN_TYPE = YES_ERROR;
				GCC_WARN_UNDECLARED_SELECTOR = YES;
				GCC_WARN_UNINITIALIZED_AUTOS = YES_AGGRESSIVE;
				GCC_WARN_UNUSED_FUNCTION = YES;
				GCC_WARN_UNUSED_VARIABLE = YES;
				IPHONEOS_DEPLOYMENT_TARGET = 17.5;
				LOCALIZATION_PREFERS_STRING_CATALOGS = YES;
				MTL_ENABLE_DEBUG_INFO = NO;
				MTL_FAST_MATH = YES;
				SDKROOT = iphoneos;
				SWIFT_COMPILATION_MODE = wholemodule;
				VALIDATE_PRODUCT = YES;
			};
			name = Release;
		};
		31011E2A2C04AC0C003B39FD /* Debug */ = {
			isa = XCBuildConfiguration;
			buildSettings = {
				ASSETCATALOG_COMPILER_APPICON_NAME = AppIcon;
				ASSETCATALOG_COMPILER_GLOBAL_ACCENT_COLOR_NAME = AccentColor;
				CODE_SIGN_STYLE = Automatic;
				CURRENT_PROJECT_VERSION = 1;
				DEVELOPMENT_ASSET_PATHS = "\"Marvel/Preview Content\"";
				ENABLE_PREVIEWS = YES;
				GENERATE_INFOPLIST_FILE = YES;
				INFOPLIST_KEY_UIApplicationSceneManifest_Generation = YES;
				INFOPLIST_KEY_UIApplicationSupportsIndirectInputEvents = YES;
				INFOPLIST_KEY_UILaunchScreen_Generation = YES;
				INFOPLIST_KEY_UISupportedInterfaceOrientations_iPad = "UIInterfaceOrientationPortrait UIInterfaceOrientationPortraitUpsideDown UIInterfaceOrientationLandscapeLeft UIInterfaceOrientationLandscapeRight";
				INFOPLIST_KEY_UISupportedInterfaceOrientations_iPhone = "UIInterfaceOrientationPortrait UIInterfaceOrientationLandscapeLeft UIInterfaceOrientationLandscapeRight";
				LD_RUNPATH_SEARCH_PATHS = (
					"$(inherited)",
					"@executable_path/Frameworks",
				);
				MARKETING_VERSION = 1.0;
				PRODUCT_BUNDLE_IDENTIFIER = yorx.Marvel;
				PRODUCT_NAME = "$(TARGET_NAME)";
				SWIFT_EMIT_LOC_STRINGS = YES;
				SWIFT_VERSION = 5.0;
				TARGETED_DEVICE_FAMILY = "1,2";
			};
			name = Debug;
		};
		31011E2B2C04AC0C003B39FD /* Release */ = {
			isa = XCBuildConfiguration;
			buildSettings = {
				ASSETCATALOG_COMPILER_APPICON_NAME = AppIcon;
				ASSETCATALOG_COMPILER_GLOBAL_ACCENT_COLOR_NAME = AccentColor;
				CODE_SIGN_STYLE = Automatic;
				CURRENT_PROJECT_VERSION = 1;
				DEVELOPMENT_ASSET_PATHS = "\"Marvel/Preview Content\"";
				ENABLE_PREVIEWS = YES;
				GENERATE_INFOPLIST_FILE = YES;
				INFOPLIST_KEY_UIApplicationSceneManifest_Generation = YES;
				INFOPLIST_KEY_UIApplicationSupportsIndirectInputEvents = YES;
				INFOPLIST_KEY_UILaunchScreen_Generation = YES;
				INFOPLIST_KEY_UISupportedInterfaceOrientations_iPad = "UIInterfaceOrientationPortrait UIInterfaceOrientationPortraitUpsideDown UIInterfaceOrientationLandscapeLeft UIInterfaceOrientationLandscapeRight";
				INFOPLIST_KEY_UISupportedInterfaceOrientations_iPhone = "UIInterfaceOrientationPortrait UIInterfaceOrientationLandscapeLeft UIInterfaceOrientationLandscapeRight";
				LD_RUNPATH_SEARCH_PATHS = (
					"$(inherited)",
					"@executable_path/Frameworks",
				);
				MARKETING_VERSION = 1.0;
				PRODUCT_BUNDLE_IDENTIFIER = yorx.Marvel;
				PRODUCT_NAME = "$(TARGET_NAME)";
				SWIFT_EMIT_LOC_STRINGS = YES;
				SWIFT_VERSION = 5.0;
				TARGETED_DEVICE_FAMILY = "1,2";
			};
			name = Release;
		};
/* End XCBuildConfiguration section */

/* Begin XCConfigurationList section */
		31011E162C04AC0A003B39FD /* Build configuration list for PBXProject "Marvel" */ = {
			isa = XCConfigurationList;
			buildConfigurations = (
				31011E272C04AC0C003B39FD /* Debug */,
				31011E282C04AC0C003B39FD /* Release */,
			);
			defaultConfigurationIsVisible = 0;
			defaultConfigurationName = Release;
		};
		31011E292C04AC0C003B39FD /* Build configuration list for PBXNativeTarget "Marvel" */ = {
			isa = XCConfigurationList;
			buildConfigurations = (
				31011E2A2C04AC0C003B39FD /* Debug */,
				31011E2B2C04AC0C003B39FD /* Release */,
			);
			defaultConfigurationIsVisible = 0;
			defaultConfigurationName = Release;
		};
/* End XCConfigurationList section */
	};
	rootObject = 31011E132C04AC0A003B39FD /* Project object */;
}
