// !$*UTF8*$!
{
	archiveVersion = 1;
	classes = {
	};
	objectVersion = 56;
	objects = {

/* Begin PBXBuildFile section */
		31011E1F2C04AC0A003B39FD /* MarvelApp.swift in Sources */ = {isa = PBXBuildFile; fileRef = 31011E1E2C04AC0A003B39FD /* MarvelApp.swift */; };
		31011E212C04AC0A003B39FD /* MainView.swift in Sources */ = {isa = PBXBuildFile; fileRef = 31011E202C04AC0A003B39FD /* MainView.swift */; };
		31011E232C04AC0C003B39FD /* Assets.xcassets in Resources */ = {isa = PBXBuildFile; fileRef = 31011E222C04AC0C003B39FD /* Assets.xcassets */; };
		31011E262C04AC0C003B39FD /* Preview Assets.xcassets in Resources */ = {isa = PBXBuildFile; fileRef = 31011E252C04AC0C003B39FD /* Preview Assets.xcassets */; };
		312EEC0E2C08AEDC00F5BEAD /* NetworkServiceProvider.swift in Sources */ = {isa = PBXBuildFile; fileRef = 312EEC0D2C08AEDC00F5BEAD /* NetworkServiceProvider.swift */; };
		312EEC122C08B17200F5BEAD /* CharactersRepository.swift in Sources */ = {isa = PBXBuildFile; fileRef = 312EEC112C08B17200F5BEAD /* CharactersRepository.swift */; };
		312EEC152C08B1C500F5BEAD /* CharacterApiModel.swift in Sources */ = {isa = PBXBuildFile; fileRef = 312EEC142C08B1C500F5BEAD /* CharacterApiModel.swift */; };
		312EEC1A2C08B23900F5BEAD /* CharactersNetworkRepository.swift in Sources */ = {isa = PBXBuildFile; fileRef = 312EEC192C08B23900F5BEAD /* CharactersNetworkRepository.swift */; };
		312EEC1C2C08C42400F5BEAD /* CharacterModel.swift in Sources */ = {isa = PBXBuildFile; fileRef = 312EEC1B2C08C42400F5BEAD /* CharacterModel.swift */; };
		312EEC222C08C53C00F5BEAD /* CharacterListView.swift in Sources */ = {isa = PBXBuildFile; fileRef = 312EEC212C08C53C00F5BEAD /* CharacterListView.swift */; };
		312EEC242C08C54F00F5BEAD /* CharacterListViewModel.swift in Sources */ = {isa = PBXBuildFile; fileRef = 312EEC232C08C54F00F5BEAD /* CharacterListViewModel.swift */; };
		312EEC262C08C5F400F5BEAD /* CharacterListBuilder.swift in Sources */ = {isa = PBXBuildFile; fileRef = 312EEC252C08C5F400F5BEAD /* CharacterListBuilder.swift */; };
		312EEC2A2C08CBBC00F5BEAD /* NetworkProviderError.swift in Sources */ = {isa = PBXBuildFile; fileRef = 312EEC292C08CBBC00F5BEAD /* NetworkProviderError.swift */; };
		312EEC2D2C08CE2B00F5BEAD /* CharacterApiMapper.swift in Sources */ = {isa = PBXBuildFile; fileRef = 312EEC2C2C08CE2B00F5BEAD /* CharacterApiMapper.swift */; };
		312EEC312C08D05500F5BEAD /* NetworkRequestBuilder.swift in Sources */ = {isa = PBXBuildFile; fileRef = 312EEC302C08D05500F5BEAD /* NetworkRequestBuilder.swift */; };
		312EEC332C08D94300F5BEAD /* NetworkUtils.swift in Sources */ = {isa = PBXBuildFile; fileRef = 312EEC322C08D94300F5BEAD /* NetworkUtils.swift */; };
		312EEC382C09F5CB00F5BEAD /* CharacterCell.swift in Sources */ = {isa = PBXBuildFile; fileRef = 312EEC372C09F5CB00F5BEAD /* CharacterCell.swift */; };
		312EEC3B2C09FB4800F5BEAD /* View+Extension.swift in Sources */ = {isa = PBXBuildFile; fileRef = 312EEC3A2C09FB4800F5BEAD /* View+Extension.swift */; };
		312EEC402C09FD0500F5BEAD /* Colors.xcassets in Resources */ = {isa = PBXBuildFile; fileRef = 312EEC3F2C09FD0500F5BEAD /* Colors.xcassets */; };
		312EEC432C0A037100F5BEAD /* CharacterDetailView.swift in Sources */ = {isa = PBXBuildFile; fileRef = 312EEC422C0A037100F5BEAD /* CharacterDetailView.swift */; };
		3132D0062C185ACF00676F73 /* AppDelegate.swift in Sources */ = {isa = PBXBuildFile; fileRef = 3132D0052C185ACF00676F73 /* AppDelegate.swift */; };
		3132D0082C185AD800676F73 /* SceneDelegate.swift in Sources */ = {isa = PBXBuildFile; fileRef = 3132D0072C185AD800676F73 /* SceneDelegate.swift */; };
		3132D00C2C1873D300676F73 /* EnvironmentConfiguration.swift in Sources */ = {isa = PBXBuildFile; fileRef = 3132D00B2C1873D300676F73 /* EnvironmentConfiguration.swift */; };
		3132D0102C187DA100676F73 /* ApiConfig.xcconfig in Resources */ = {isa = PBXBuildFile; fileRef = 3132D00F2C1877A900676F73 /* ApiConfig.xcconfig */; };
		31CE4D1A2C189D2A002C1896 /* Launch Screen.storyboard in Resources */ = {isa = PBXBuildFile; fileRef = 31CE4D192C189D2A002C1896 /* Launch Screen.storyboard */; };
		31CE4D1F2C18AE8D002C1896 /* Loader.swift in Sources */ = {isa = PBXBuildFile; fileRef = 31CE4D1E2C18AE8D002C1896 /* Loader.swift */; };
		31CE4D212C18AF32002C1896 /* ViewState.swift in Sources */ = {isa = PBXBuildFile; fileRef = 31CE4D202C18AF32002C1896 /* ViewState.swift */; };
		31CE4D242C199004002C1896 /* ComicListView.swift in Sources */ = {isa = PBXBuildFile; fileRef = 31CE4D232C199004002C1896 /* ComicListView.swift */; };
		31CE4D272C19919A002C1896 /* ComicModel.swift in Sources */ = {isa = PBXBuildFile; fileRef = 31CE4D262C19919A002C1896 /* ComicModel.swift */; };
		31CE4D2A2C1992B5002C1896 /* ComicCell.swift in Sources */ = {isa = PBXBuildFile; fileRef = 31CE4D292C1992B5002C1896 /* ComicCell.swift */; };
		31CE4D2C2C19977C002C1896 /* ComicListBuilder.swift in Sources */ = {isa = PBXBuildFile; fileRef = 31CE4D2B2C19977C002C1896 /* ComicListBuilder.swift */; };
		31CE4D2E2C1997A8002C1896 /* ComicListViewModel.swift in Sources */ = {isa = PBXBuildFile; fileRef = 31CE4D2D2C1997A8002C1896 /* ComicListViewModel.swift */; };
		31CE4D302C19988C002C1896 /* ComicsRepository.swift in Sources */ = {isa = PBXBuildFile; fileRef = 31CE4D2F2C19988C002C1896 /* ComicsRepository.swift */; };
		31CE4D332C1998EC002C1896 /* ComicsNetworkRepository.swift in Sources */ = {isa = PBXBuildFile; fileRef = 31CE4D322C1998EC002C1896 /* ComicsNetworkRepository.swift */; };
		31CE4D362C199A13002C1896 /* String+Extension.swift in Sources */ = {isa = PBXBuildFile; fileRef = 31CE4D352C199A13002C1896 /* String+Extension.swift */; };
		31CE4D3B2C199B09002C1896 /* ComicApiModel.swift in Sources */ = {isa = PBXBuildFile; fileRef = 31CE4D3A2C199B09002C1896 /* ComicApiModel.swift */; };
		31CE4D3D2C199D1D002C1896 /* ComicApiMapper.swift in Sources */ = {isa = PBXBuildFile; fileRef = 31CE4D3C2C199D1D002C1896 /* ComicApiMapper.swift */; };
		31CE4D3F2C199D83002C1896 /* ThumbnailMapper.swift in Sources */ = {isa = PBXBuildFile; fileRef = 31CE4D3E2C199D83002C1896 /* ThumbnailMapper.swift */; };
		31CE4D412C19A1D2002C1896 /* GenericErrorView.swift in Sources */ = {isa = PBXBuildFile; fileRef = 31CE4D402C19A1D2002C1896 /* GenericErrorView.swift */; };
		31CE4D462C19F9A5002C1896 /* CharactersLocalRepository.swift in Sources */ = {isa = PBXBuildFile; fileRef = 31CE4D452C19F9A5002C1896 /* CharactersLocalRepository.swift */; };
		31CE4D492C19FA15002C1896 /* characters.json in Resources */ = {isa = PBXBuildFile; fileRef = 31CE4D482C19FA15002C1896 /* characters.json */; };
		31CE4D4B2C19FA3F002C1896 /* ComicsLocalRepository.swift in Sources */ = {isa = PBXBuildFile; fileRef = 31CE4D4A2C19FA3F002C1896 /* ComicsLocalRepository.swift */; };
		31CE4D4D2C19FCBC002C1896 /* CharacterLocalModel.swift in Sources */ = {isa = PBXBuildFile; fileRef = 31CE4D4C2C19FCBC002C1896 /* CharacterLocalModel.swift */; };
		31CE4D4F2C19FD66002C1896 /* FileReader.swift in Sources */ = {isa = PBXBuildFile; fileRef = 31CE4D4E2C19FD66002C1896 /* FileReader.swift */; };
		31CE4D522C19FE59002C1896 /* FileReaderError.swift in Sources */ = {isa = PBXBuildFile; fileRef = 31CE4D512C19FE59002C1896 /* FileReaderError.swift */; };
		31CE4D572C19FFB2002C1896 /* CharacterLocalMapper.swift in Sources */ = {isa = PBXBuildFile; fileRef = 31CE4D562C19FFB2002C1896 /* CharacterLocalMapper.swift */; };
		31CE4D5B2C1B43E9002C1896 /* Mapper.swift in Sources */ = {isa = PBXBuildFile; fileRef = 31CE4D5A2C1B43E9002C1896 /* Mapper.swift */; };
		31CE4D5D2C1B47AA002C1896 /* DomainModel.swift in Sources */ = {isa = PBXBuildFile; fileRef = 31CE4D5C2C1B47AA002C1896 /* DomainModel.swift */; };
		31CE4D5F2C1B4920002C1896 /* Localizable.xcstrings in Resources */ = {isa = PBXBuildFile; fileRef = 31CE4D5E2C1B4920002C1896 /* Localizable.xcstrings */; };
		31ECB7B72C0F3D4A000C50BF /* RepositoryInjector.swift in Sources */ = {isa = PBXBuildFile; fileRef = 31ECB7B62C0F3D4A000C50BF /* RepositoryInjector.swift */; };
		31ECB7BF2C0F62FE000C50BF /* CachedAsyncImage in Frameworks */ = {isa = PBXBuildFile; productRef = 31ECB7BE2C0F62FE000C50BF /* CachedAsyncImage */; };
		31ECB7C22C0F6A16000C50BF /* RoundedCorner.swift in Sources */ = {isa = PBXBuildFile; fileRef = 31ECB7C12C0F6A16000C50BF /* RoundedCorner.swift */; };
		31ECB7C42C0F6AC3000C50BF /* CharacterDetailViewModel.swift in Sources */ = {isa = PBXBuildFile; fileRef = 31ECB7C32C0F6AC3000C50BF /* CharacterDetailViewModel.swift */; };
		31ECB7C62C0F6B38000C50BF /* CharacterDetailBuilder.swift in Sources */ = {isa = PBXBuildFile; fileRef = 31ECB7C52C0F6B38000C50BF /* CharacterDetailBuilder.swift */; };
		31ECB7C92C0F6BF8000C50BF /* NetworkImage.swift in Sources */ = {isa = PBXBuildFile; fileRef = 31ECB7C82C0F6BF8000C50BF /* NetworkImage.swift */; };
/* End PBXBuildFile section */

/* Begin PBXFileReference section */
		31011E1B2C04AC0A003B39FD /* Marvel.app */ = {isa = PBXFileReference; explicitFileType = wrapper.application; includeInIndex = 0; path = Marvel.app; sourceTree = BUILT_PRODUCTS_DIR; };
		31011E1E2C04AC0A003B39FD /* MarvelApp.swift */ = {isa = PBXFileReference; lastKnownFileType = sourcecode.swift; path = MarvelApp.swift; sourceTree = "<group>"; };
		31011E202C04AC0A003B39FD /* MainView.swift */ = {isa = PBXFileReference; lastKnownFileType = sourcecode.swift; path = MainView.swift; sourceTree = "<group>"; };
		31011E222C04AC0C003B39FD /* Assets.xcassets */ = {isa = PBXFileReference; lastKnownFileType = folder.assetcatalog; path = Assets.xcassets; sourceTree = "<group>"; };
		31011E252C04AC0C003B39FD /* Preview Assets.xcassets */ = {isa = PBXFileReference; lastKnownFileType = folder.assetcatalog; path = "Preview Assets.xcassets"; sourceTree = "<group>"; };
		312EEC0D2C08AEDC00F5BEAD /* NetworkServiceProvider.swift */ = {isa = PBXFileReference; lastKnownFileType = sourcecode.swift; path = NetworkServiceProvider.swift; sourceTree = "<group>"; };
		312EEC112C08B17200F5BEAD /* CharactersRepository.swift */ = {isa = PBXFileReference; lastKnownFileType = sourcecode.swift; path = CharactersRepository.swift; sourceTree = "<group>"; };
		312EEC142C08B1C500F5BEAD /* CharacterApiModel.swift */ = {isa = PBXFileReference; lastKnownFileType = sourcecode.swift; path = CharacterApiModel.swift; sourceTree = "<group>"; };
		312EEC192C08B23900F5BEAD /* CharactersNetworkRepository.swift */ = {isa = PBXFileReference; lastKnownFileType = sourcecode.swift; path = CharactersNetworkRepository.swift; sourceTree = "<group>"; };
		312EEC1B2C08C42400F5BEAD /* CharacterModel.swift */ = {isa = PBXFileReference; lastKnownFileType = sourcecode.swift; path = CharacterModel.swift; sourceTree = "<group>"; };
		312EEC212C08C53C00F5BEAD /* CharacterListView.swift */ = {isa = PBXFileReference; lastKnownFileType = sourcecode.swift; path = CharacterListView.swift; sourceTree = "<group>"; };
		312EEC232C08C54F00F5BEAD /* CharacterListViewModel.swift */ = {isa = PBXFileReference; lastKnownFileType = sourcecode.swift; path = CharacterListViewModel.swift; sourceTree = "<group>"; };
		312EEC252C08C5F400F5BEAD /* CharacterListBuilder.swift */ = {isa = PBXFileReference; lastKnownFileType = sourcecode.swift; path = CharacterListBuilder.swift; sourceTree = "<group>"; };
		312EEC292C08CBBC00F5BEAD /* NetworkProviderError.swift */ = {isa = PBXFileReference; lastKnownFileType = sourcecode.swift; path = NetworkProviderError.swift; sourceTree = "<group>"; };
		312EEC2C2C08CE2B00F5BEAD /* CharacterApiMapper.swift */ = {isa = PBXFileReference; lastKnownFileType = sourcecode.swift; path = CharacterApiMapper.swift; sourceTree = "<group>"; };
		312EEC302C08D05500F5BEAD /* NetworkRequestBuilder.swift */ = {isa = PBXFileReference; lastKnownFileType = sourcecode.swift; path = NetworkRequestBuilder.swift; sourceTree = "<group>"; };
		312EEC322C08D94300F5BEAD /* NetworkUtils.swift */ = {isa = PBXFileReference; lastKnownFileType = sourcecode.swift; path = NetworkUtils.swift; sourceTree = "<group>"; };
		312EEC372C09F5CB00F5BEAD /* CharacterCell.swift */ = {isa = PBXFileReference; lastKnownFileType = sourcecode.swift; path = CharacterCell.swift; sourceTree = "<group>"; };
		312EEC3A2C09FB4800F5BEAD /* View+Extension.swift */ = {isa = PBXFileReference; lastKnownFileType = sourcecode.swift; path = "View+Extension.swift"; sourceTree = "<group>"; };
		312EEC3F2C09FD0500F5BEAD /* Colors.xcassets */ = {isa = PBXFileReference; lastKnownFileType = folder.assetcatalog; path = Colors.xcassets; sourceTree = "<group>"; };
		312EEC422C0A037100F5BEAD /* CharacterDetailView.swift */ = {isa = PBXFileReference; lastKnownFileType = sourcecode.swift; path = CharacterDetailView.swift; sourceTree = "<group>"; };
		3132D0052C185ACF00676F73 /* AppDelegate.swift */ = {isa = PBXFileReference; lastKnownFileType = sourcecode.swift; path = AppDelegate.swift; sourceTree = "<group>"; };
		3132D0072C185AD800676F73 /* SceneDelegate.swift */ = {isa = PBXFileReference; lastKnownFileType = sourcecode.swift; path = SceneDelegate.swift; sourceTree = "<group>"; };
		3132D00B2C1873D300676F73 /* EnvironmentConfiguration.swift */ = {isa = PBXFileReference; lastKnownFileType = sourcecode.swift; path = EnvironmentConfiguration.swift; sourceTree = "<group>"; };
		3132D00F2C1877A900676F73 /* ApiConfig.xcconfig */ = {isa = PBXFileReference; lastKnownFileType = text.xcconfig; path = ApiConfig.xcconfig; sourceTree = "<group>"; };
		31CE4D192C189D2A002C1896 /* Launch Screen.storyboard */ = {isa = PBXFileReference; lastKnownFileType = file.storyboard; path = "Launch Screen.storyboard"; sourceTree = "<group>"; };
		31CE4D1E2C18AE8D002C1896 /* Loader.swift */ = {isa = PBXFileReference; lastKnownFileType = sourcecode.swift; path = Loader.swift; sourceTree = "<group>"; };
		31CE4D202C18AF32002C1896 /* ViewState.swift */ = {isa = PBXFileReference; lastKnownFileType = sourcecode.swift; path = ViewState.swift; sourceTree = "<group>"; };
		31CE4D232C199004002C1896 /* ComicListView.swift */ = {isa = PBXFileReference; lastKnownFileType = sourcecode.swift; path = ComicListView.swift; sourceTree = "<group>"; };
		31CE4D262C19919A002C1896 /* ComicModel.swift */ = {isa = PBXFileReference; lastKnownFileType = sourcecode.swift; path = ComicModel.swift; sourceTree = "<group>"; };
		31CE4D292C1992B5002C1896 /* ComicCell.swift */ = {isa = PBXFileReference; lastKnownFileType = sourcecode.swift; path = ComicCell.swift; sourceTree = "<group>"; };
		31CE4D2B2C19977C002C1896 /* ComicListBuilder.swift */ = {isa = PBXFileReference; lastKnownFileType = sourcecode.swift; path = ComicListBuilder.swift; sourceTree = "<group>"; };
		31CE4D2D2C1997A8002C1896 /* ComicListViewModel.swift */ = {isa = PBXFileReference; lastKnownFileType = sourcecode.swift; path = ComicListViewModel.swift; sourceTree = "<group>"; };
		31CE4D2F2C19988C002C1896 /* ComicsRepository.swift */ = {isa = PBXFileReference; lastKnownFileType = sourcecode.swift; path = ComicsRepository.swift; sourceTree = "<group>"; };
		31CE4D322C1998EC002C1896 /* ComicsNetworkRepository.swift */ = {isa = PBXFileReference; lastKnownFileType = sourcecode.swift; path = ComicsNetworkRepository.swift; sourceTree = "<group>"; };
		31CE4D352C199A13002C1896 /* String+Extension.swift */ = {isa = PBXFileReference; lastKnownFileType = sourcecode.swift; path = "String+Extension.swift"; sourceTree = "<group>"; };
		31CE4D3A2C199B09002C1896 /* ComicApiModel.swift */ = {isa = PBXFileReference; lastKnownFileType = sourcecode.swift; path = ComicApiModel.swift; sourceTree = "<group>"; };
		31CE4D3C2C199D1D002C1896 /* ComicApiMapper.swift */ = {isa = PBXFileReference; lastKnownFileType = sourcecode.swift; path = ComicApiMapper.swift; sourceTree = "<group>"; };
		31CE4D3E2C199D83002C1896 /* ThumbnailMapper.swift */ = {isa = PBXFileReference; lastKnownFileType = sourcecode.swift; path = ThumbnailMapper.swift; sourceTree = "<group>"; };
		31CE4D402C19A1D2002C1896 /* GenericErrorView.swift */ = {isa = PBXFileReference; lastKnownFileType = sourcecode.swift; path = GenericErrorView.swift; sourceTree = "<group>"; };
		31CE4D452C19F9A5002C1896 /* CharactersLocalRepository.swift */ = {isa = PBXFileReference; lastKnownFileType = sourcecode.swift; path = CharactersLocalRepository.swift; sourceTree = "<group>"; };
		31CE4D482C19FA15002C1896 /* characters.json */ = {isa = PBXFileReference; lastKnownFileType = text.json; path = characters.json; sourceTree = "<group>"; };
		31CE4D4A2C19FA3F002C1896 /* ComicsLocalRepository.swift */ = {isa = PBXFileReference; lastKnownFileType = sourcecode.swift; path = ComicsLocalRepository.swift; sourceTree = "<group>"; };
		31CE4D4C2C19FCBC002C1896 /* CharacterLocalModel.swift */ = {isa = PBXFileReference; lastKnownFileType = sourcecode.swift; path = CharacterLocalModel.swift; sourceTree = "<group>"; };
		31CE4D4E2C19FD66002C1896 /* FileReader.swift */ = {isa = PBXFileReference; lastKnownFileType = sourcecode.swift; path = FileReader.swift; sourceTree = "<group>"; };
		31CE4D512C19FE59002C1896 /* FileReaderError.swift */ = {isa = PBXFileReference; lastKnownFileType = sourcecode.swift; path = FileReaderError.swift; sourceTree = "<group>"; };
		31CE4D562C19FFB2002C1896 /* CharacterLocalMapper.swift */ = {isa = PBXFileReference; lastKnownFileType = sourcecode.swift; path = CharacterLocalMapper.swift; sourceTree = "<group>"; };
		31CE4D5A2C1B43E9002C1896 /* Mapper.swift */ = {isa = PBXFileReference; lastKnownFileType = sourcecode.swift; path = Mapper.swift; sourceTree = "<group>"; };
		31CE4D5C2C1B47AA002C1896 /* DomainModel.swift */ = {isa = PBXFileReference; lastKnownFileType = sourcecode.swift; path = DomainModel.swift; sourceTree = "<group>"; };
		31CE4D5E2C1B4920002C1896 /* Localizable.xcstrings */ = {isa = PBXFileReference; lastKnownFileType = text.json.xcstrings; path = Localizable.xcstrings; sourceTree = "<group>"; };
		31ECB7B62C0F3D4A000C50BF /* RepositoryInjector.swift */ = {isa = PBXFileReference; lastKnownFileType = sourcecode.swift; path = RepositoryInjector.swift; sourceTree = "<group>"; };
		31ECB7BC2C0F6064000C50BF /* Info.plist */ = {isa = PBXFileReference; lastKnownFileType = text.plist; path = Info.plist; sourceTree = "<group>"; };
		31ECB7C12C0F6A16000C50BF /* RoundedCorner.swift */ = {isa = PBXFileReference; lastKnownFileType = sourcecode.swift; path = RoundedCorner.swift; sourceTree = "<group>"; };
		31ECB7C32C0F6AC3000C50BF /* CharacterDetailViewModel.swift */ = {isa = PBXFileReference; lastKnownFileType = sourcecode.swift; path = CharacterDetailViewModel.swift; sourceTree = "<group>"; };
		31ECB7C52C0F6B38000C50BF /* CharacterDetailBuilder.swift */ = {isa = PBXFileReference; lastKnownFileType = sourcecode.swift; path = CharacterDetailBuilder.swift; sourceTree = "<group>"; };
		31ECB7C82C0F6BF8000C50BF /* NetworkImage.swift */ = {isa = PBXFileReference; lastKnownFileType = sourcecode.swift; path = NetworkImage.swift; sourceTree = "<group>"; };
/* End PBXFileReference section */

/* Begin PBXFrameworksBuildPhase section */
		31011E182C04AC0A003B39FD /* Frameworks */ = {
			isa = PBXFrameworksBuildPhase;
			buildActionMask = 2147483647;
			files = (
				31ECB7BF2C0F62FE000C50BF /* CachedAsyncImage in Frameworks */,
			);
			runOnlyForDeploymentPostprocessing = 0;
		};
/* End PBXFrameworksBuildPhase section */

/* Begin PBXGroup section */
		31011E122C04AC0A003B39FD = {
			isa = PBXGroup;
			children = (
				31011E1D2C04AC0A003B39FD /* Marvel */,
				31011E1C2C04AC0A003B39FD /* Products */,
			);
			sourceTree = "<group>";
		};
		31011E1C2C04AC0A003B39FD /* Products */ = {
			isa = PBXGroup;
			children = (
				31011E1B2C04AC0A003B39FD /* Marvel.app */,
			);
			name = Products;
			sourceTree = "<group>";
		};
		31011E1D2C04AC0A003B39FD /* Marvel */ = {
			isa = PBXGroup;
			children = (
				31ECB7BC2C0F6064000C50BF /* Info.plist */,
				3132D00F2C1877A900676F73 /* ApiConfig.xcconfig */,
				3132D00B2C1873D300676F73 /* EnvironmentConfiguration.swift */,
				31011E1E2C04AC0A003B39FD /* MarvelApp.swift */,
				31CE4D192C189D2A002C1896 /* Launch Screen.storyboard */,
				31CE4D342C199A06002C1896 /* Common */,
				312EEC082C08ABE800F5BEAD /* Presentation */,
				312EEC072C08ABE300F5BEAD /* Data */,
				31011E242C04AC0C003B39FD /* Preview Content */,
			);
			path = Marvel;
			sourceTree = "<group>";
		};
		31011E242C04AC0C003B39FD /* Preview Content */ = {
			isa = PBXGroup;
			children = (
				31011E252C04AC0C003B39FD /* Preview Assets.xcassets */,
			);
			path = "Preview Content";
			sourceTree = "<group>";
		};
		312EEC072C08ABE300F5BEAD /* Data */ = {
			isa = PBXGroup;
			children = (
				31CE4D592C1B43D3002C1896 /* Common */,
				312EEC352C09CD3A00F5BEAD /* Domain */,
				312EEC092C08AC6900F5BEAD /* Network */,
				31CE4D442C19F980002C1896 /* Local */,
			);
			path = Data;
			sourceTree = "<group>";
		};
		312EEC082C08ABE800F5BEAD /* Presentation */ = {
			isa = PBXGroup;
			children = (
				31CE4D1B2C18A02F002C1896 /* Assets */,
				3132D0042C185AC500676F73 /* App */,
				31CE4D1C2C18A049002C1896 /* Main */,
				312EEC392C09FB3900F5BEAD /* Common */,
				312EEC202C08C52200F5BEAD /* CharacterList */,
				312EEC412C0A035200F5BEAD /* CharacterDetail */,
				31CE4D222C198FEF002C1896 /* ComicList */,
			);
			path = Presentation;
			sourceTree = "<group>";
		};
		312EEC092C08AC6900F5BEAD /* Network */ = {
			isa = PBXGroup;
			children = (
				312EEC342C09CD0D00F5BEAD /* Common */,
				312EEC282C08CA0200F5BEAD /* Characters */,
				31CE4D312C1998C2002C1896 /* Comics */,
			);
			path = Network;
			sourceTree = "<group>";
		};
		312EEC132C08B1A200F5BEAD /* Models */ = {
			isa = PBXGroup;
			children = (
				312EEC142C08B1C500F5BEAD /* CharacterApiModel.swift */,
			);
			path = Models;
			sourceTree = "<group>";
		};
		312EEC182C08B22800F5BEAD /* Characters */ = {
			isa = PBXGroup;
			children = (
				312EEC112C08B17200F5BEAD /* CharactersRepository.swift */,
				312EEC1B2C08C42400F5BEAD /* CharacterModel.swift */,
			);
			path = Characters;
			sourceTree = "<group>";
		};
		312EEC202C08C52200F5BEAD /* CharacterList */ = {
			isa = PBXGroup;
			children = (
				312EEC362C09F5BD00F5BEAD /* Views */,
				312EEC252C08C5F400F5BEAD /* CharacterListBuilder.swift */,
				312EEC212C08C53C00F5BEAD /* CharacterListView.swift */,
				312EEC232C08C54F00F5BEAD /* CharacterListViewModel.swift */,
			);
			path = CharacterList;
			sourceTree = "<group>";
		};
		312EEC282C08CA0200F5BEAD /* Characters */ = {
			isa = PBXGroup;
			children = (
				312EEC132C08B1A200F5BEAD /* Models */,
				312EEC2B2C08CDD700F5BEAD /* Mappers */,
				312EEC192C08B23900F5BEAD /* CharactersNetworkRepository.swift */,
			);
			path = Characters;
			sourceTree = "<group>";
		};
		312EEC2B2C08CDD700F5BEAD /* Mappers */ = {
			isa = PBXGroup;
			children = (
				312EEC2C2C08CE2B00F5BEAD /* CharacterApiMapper.swift */,
				31CE4D3E2C199D83002C1896 /* ThumbnailMapper.swift */,
			);
			path = Mappers;
			sourceTree = "<group>";
		};
		312EEC342C09CD0D00F5BEAD /* Common */ = {
			isa = PBXGroup;
			children = (
				312EEC0D2C08AEDC00F5BEAD /* NetworkServiceProvider.swift */,
				312EEC302C08D05500F5BEAD /* NetworkRequestBuilder.swift */,
				312EEC292C08CBBC00F5BEAD /* NetworkProviderError.swift */,
				312EEC322C08D94300F5BEAD /* NetworkUtils.swift */,
			);
			path = Common;
			sourceTree = "<group>";
		};
		312EEC352C09CD3A00F5BEAD /* Domain */ = {
			isa = PBXGroup;
			children = (
				312EEC182C08B22800F5BEAD /* Characters */,
				31CE4D252C19915F002C1896 /* Comics */,
			);
			path = Domain;
			sourceTree = "<group>";
		};
		312EEC362C09F5BD00F5BEAD /* Views */ = {
			isa = PBXGroup;
			children = (
				312EEC372C09F5CB00F5BEAD /* CharacterCell.swift */,
			);
			path = Views;
			sourceTree = "<group>";
		};
		312EEC392C09FB3900F5BEAD /* Common */ = {
			isa = PBXGroup;
			children = (
				31ECB7C72C0F6BC2000C50BF /* Components */,
				31ECB7C02C0F6A06000C50BF /* Shapes */,
				31CE4D202C18AF32002C1896 /* ViewState.swift */,
				312EEC3A2C09FB4800F5BEAD /* View+Extension.swift */,
			);
			path = Common;
			sourceTree = "<group>";
		};
		312EEC412C0A035200F5BEAD /* CharacterDetail */ = {
			isa = PBXGroup;
			children = (
				312EEC422C0A037100F5BEAD /* CharacterDetailView.swift */,
				31ECB7C32C0F6AC3000C50BF /* CharacterDetailViewModel.swift */,
				31ECB7C52C0F6B38000C50BF /* CharacterDetailBuilder.swift */,
			);
			path = CharacterDetail;
			sourceTree = "<group>";
		};
		3132D0042C185AC500676F73 /* App */ = {
			isa = PBXGroup;
			children = (
				3132D0052C185ACF00676F73 /* AppDelegate.swift */,
				3132D0072C185AD800676F73 /* SceneDelegate.swift */,
			);
			path = App;
			sourceTree = "<group>";
		};
		31CE4D1B2C18A02F002C1896 /* Assets */ = {
			isa = PBXGroup;
			children = (
				31011E222C04AC0C003B39FD /* Assets.xcassets */,
				312EEC3F2C09FD0500F5BEAD /* Colors.xcassets */,
				31CE4D5E2C1B4920002C1896 /* Localizable.xcstrings */,
			);
			path = Assets;
			sourceTree = "<group>";
		};
		31CE4D1C2C18A049002C1896 /* Main */ = {
			isa = PBXGroup;
			children = (
				31011E202C04AC0A003B39FD /* MainView.swift */,
				31ECB7B62C0F3D4A000C50BF /* RepositoryInjector.swift */,
			);
			path = Main;
			sourceTree = "<group>";
		};
		31CE4D222C198FEF002C1896 /* ComicList */ = {
			isa = PBXGroup;
			children = (
				31CE4D282C1992A9002C1896 /* Views */,
				31CE4D2B2C19977C002C1896 /* ComicListBuilder.swift */,
				31CE4D232C199004002C1896 /* ComicListView.swift */,
				31CE4D2D2C1997A8002C1896 /* ComicListViewModel.swift */,
			);
			path = ComicList;
			sourceTree = "<group>";
		};
		31CE4D252C19915F002C1896 /* Comics */ = {
			isa = PBXGroup;
			children = (
				31CE4D2F2C19988C002C1896 /* ComicsRepository.swift */,
				31CE4D262C19919A002C1896 /* ComicModel.swift */,
			);
			path = Comics;
			sourceTree = "<group>";
		};
		31CE4D282C1992A9002C1896 /* Views */ = {
			isa = PBXGroup;
			children = (
				31CE4D292C1992B5002C1896 /* ComicCell.swift */,
			);
			path = Views;
			sourceTree = "<group>";
		};
		31CE4D312C1998C2002C1896 /* Comics */ = {
			isa = PBXGroup;
			children = (
				31CE4D372C199AE6002C1896 /* Models */,
				31CE4D392C199AF0002C1896 /* Mappers */,
				31CE4D322C1998EC002C1896 /* ComicsNetworkRepository.swift */,
			);
			path = Comics;
			sourceTree = "<group>";
		};
		31CE4D342C199A06002C1896 /* Common */ = {
			isa = PBXGroup;
			children = (
				31CE4D352C199A13002C1896 /* String+Extension.swift */,
			);
			path = Common;
			sourceTree = "<group>";
		};
		31CE4D372C199AE6002C1896 /* Models */ = {
			isa = PBXGroup;
			children = (
				31CE4D3A2C199B09002C1896 /* ComicApiModel.swift */,
			);
			path = Models;
			sourceTree = "<group>";
		};
		31CE4D392C199AF0002C1896 /* Mappers */ = {
			isa = PBXGroup;
			children = (
				31CE4D3C2C199D1D002C1896 /* ComicApiMapper.swift */,
			);
			path = Mappers;
			sourceTree = "<group>";
		};
		31CE4D442C19F980002C1896 /* Local */ = {
			isa = PBXGroup;
			children = (
				31CE4D502C19FD6F002C1896 /* Common */,
				31CE4D532C19FF6E002C1896 /* Characters */,
				31CE4D582C1A0291002C1896 /* Comics */,
			);
			path = Local;
			sourceTree = "<group>";
		};
		31CE4D472C19F9F9002C1896 /* Source */ = {
			isa = PBXGroup;
			children = (
				31CE4D482C19FA15002C1896 /* characters.json */,
			);
			path = Source;
			sourceTree = "<group>";
		};
		31CE4D502C19FD6F002C1896 /* Common */ = {
			isa = PBXGroup;
			children = (
				31CE4D4E2C19FD66002C1896 /* FileReader.swift */,
				31CE4D512C19FE59002C1896 /* FileReaderError.swift */,
			);
			path = Common;
			sourceTree = "<group>";
		};
		31CE4D532C19FF6E002C1896 /* Characters */ = {
			isa = PBXGroup;
			children = (
				31CE4D472C19F9F9002C1896 /* Source */,
				31CE4D542C19FF8B002C1896 /* Models */,
				31CE4D552C19FF9C002C1896 /* Mappers */,
				31CE4D452C19F9A5002C1896 /* CharactersLocalRepository.swift */,
			);
			path = Characters;
			sourceTree = "<group>";
		};
		31CE4D542C19FF8B002C1896 /* Models */ = {
			isa = PBXGroup;
			children = (
				31CE4D4C2C19FCBC002C1896 /* CharacterLocalModel.swift */,
			);
			path = Models;
			sourceTree = "<group>";
		};
		31CE4D552C19FF9C002C1896 /* Mappers */ = {
			isa = PBXGroup;
			children = (
				31CE4D562C19FFB2002C1896 /* CharacterLocalMapper.swift */,
			);
			path = Mappers;
			sourceTree = "<group>";
		};
		31CE4D582C1A0291002C1896 /* Comics */ = {
			isa = PBXGroup;
			children = (
				31CE4D4A2C19FA3F002C1896 /* ComicsLocalRepository.swift */,
			);
			path = Comics;
			sourceTree = "<group>";
		};
		31CE4D592C1B43D3002C1896 /* Common */ = {
			isa = PBXGroup;
			children = (
				31CE4D5A2C1B43E9002C1896 /* Mapper.swift */,
				31CE4D5C2C1B47AA002C1896 /* DomainModel.swift */,
			);
			path = Common;
			sourceTree = "<group>";
		};
		31ECB7C02C0F6A06000C50BF /* Shapes */ = {
			isa = PBXGroup;
			children = (
				31ECB7C12C0F6A16000C50BF /* RoundedCorner.swift */,
			);
			path = Shapes;
			sourceTree = "<group>";
		};
		31ECB7C72C0F6BC2000C50BF /* Components */ = {
			isa = PBXGroup;
			children = (
				31ECB7C82C0F6BF8000C50BF /* NetworkImage.swift */,
				31CE4D1E2C18AE8D002C1896 /* Loader.swift */,
				31CE4D402C19A1D2002C1896 /* GenericErrorView.swift */,
			);
			path = Components;
			sourceTree = "<group>";
		};
/* End PBXGroup section */

/* Begin PBXNativeTarget section */
		31011E1A2C04AC0A003B39FD /* Marvel */ = {
			isa = PBXNativeTarget;
			buildConfigurationList = 31011E292C04AC0C003B39FD /* Build configuration list for PBXNativeTarget "Marvel" */;
			buildPhases = (
				31011E172C04AC0A003B39FD /* Sources */,
				31011E182C04AC0A003B39FD /* Frameworks */,
				31011E192C04AC0A003B39FD /* Resources */,
			);
			buildRules = (
			);
			dependencies = (
			);
			name = Marvel;
			packageProductDependencies = (
				31ECB7BE2C0F62FE000C50BF /* CachedAsyncImage */,
			);
			productName = Marvel;
			productReference = 31011E1B2C04AC0A003B39FD /* Marvel.app */;
			productType = "com.apple.product-type.application";
		};
/* End PBXNativeTarget section */

/* Begin PBXProject section */
		31011E132C04AC0A003B39FD /* Project object */ = {
			isa = PBXProject;
			attributes = {
				BuildIndependentTargetsInParallel = 1;
				LastSwiftUpdateCheck = 1540;
				LastUpgradeCheck = 1540;
				TargetAttributes = {
					31011E1A2C04AC0A003B39FD = {
						CreatedOnToolsVersion = 15.4;
					};
				};
			};
			buildConfigurationList = 31011E162C04AC0A003B39FD /* Build configuration list for PBXProject "Marvel" */;
			compatibilityVersion = "Xcode 14.0";
			developmentRegion = en;
			hasScannedForEncodings = 0;
			knownRegions = (
				en,
				Base,
				es,
			);
			mainGroup = 31011E122C04AC0A003B39FD;
			packageReferences = (
				31ECB7BD2C0F62FE000C50BF /* XCRemoteSwiftPackageReference "swiftui-cached-async-image" */,
			);
			productRefGroup = 31011E1C2C04AC0A003B39FD /* Products */;
			projectDirPath = "";
			projectRoot = "";
			targets = (
				31011E1A2C04AC0A003B39FD /* Marvel */,
			);
		};
/* End PBXProject section */

/* Begin PBXResourcesBuildPhase section */
		31011E192C04AC0A003B39FD /* Resources */ = {
			isa = PBXResourcesBuildPhase;
			buildActionMask = 2147483647;
			files = (
				312EEC402C09FD0500F5BEAD /* Colors.xcassets in Resources */,
				31011E262C04AC0C003B39FD /* Preview Assets.xcassets in Resources */,
				31011E232C04AC0C003B39FD /* Assets.xcassets in Resources */,
				31CE4D492C19FA15002C1896 /* characters.json in Resources */,
				31CE4D1A2C189D2A002C1896 /* Launch Screen.storyboard in Resources */,
				31CE4D5F2C1B4920002C1896 /* Localizable.xcstrings in Resources */,
				3132D0102C187DA100676F73 /* ApiConfig.xcconfig in Resources */,
			);
			runOnlyForDeploymentPostprocessing = 0;
		};
/* End PBXResourcesBuildPhase section */

/* Begin PBXSourcesBuildPhase section */
		31011E172C04AC0A003B39FD /* Sources */ = {
			isa = PBXSourcesBuildPhase;
			buildActionMask = 2147483647;
			files = (
				312EEC312C08D05500F5BEAD /* NetworkRequestBuilder.swift in Sources */,
				31ECB7C92C0F6BF8000C50BF /* NetworkImage.swift in Sources */,
				31CE4D462C19F9A5002C1896 /* CharactersLocalRepository.swift in Sources */,
				31CE4D212C18AF32002C1896 /* ViewState.swift in Sources */,
				31CE4D2C2C19977C002C1896 /* ComicListBuilder.swift in Sources */,
				31CE4D2A2C1992B5002C1896 /* ComicCell.swift in Sources */,
				312EEC262C08C5F400F5BEAD /* CharacterListBuilder.swift in Sources */,
				312EEC3B2C09FB4800F5BEAD /* View+Extension.swift in Sources */,
				312EEC382C09F5CB00F5BEAD /* CharacterCell.swift in Sources */,
				31CE4D272C19919A002C1896 /* ComicModel.swift in Sources */,
				312EEC152C08B1C500F5BEAD /* CharacterApiModel.swift in Sources */,
				312EEC1A2C08B23900F5BEAD /* CharactersNetworkRepository.swift in Sources */,
				31CE4D572C19FFB2002C1896 /* CharacterLocalMapper.swift in Sources */,
				31CE4D1F2C18AE8D002C1896 /* Loader.swift in Sources */,
				31CE4D242C199004002C1896 /* ComicListView.swift in Sources */,
				3132D0062C185ACF00676F73 /* AppDelegate.swift in Sources */,
				312EEC222C08C53C00F5BEAD /* CharacterListView.swift in Sources */,
				31ECB7C42C0F6AC3000C50BF /* CharacterDetailViewModel.swift in Sources */,
				3132D0082C185AD800676F73 /* SceneDelegate.swift in Sources */,
				312EEC122C08B17200F5BEAD /* CharactersRepository.swift in Sources */,
				31011E212C04AC0A003B39FD /* MainView.swift in Sources */,
				31CE4D3F2C199D83002C1896 /* ThumbnailMapper.swift in Sources */,
				312EEC1C2C08C42400F5BEAD /* CharacterModel.swift in Sources */,
				31CE4D362C199A13002C1896 /* String+Extension.swift in Sources */,
				31CE4D2E2C1997A8002C1896 /* ComicListViewModel.swift in Sources */,
				312EEC2D2C08CE2B00F5BEAD /* CharacterApiMapper.swift in Sources */,
				31CE4D3D2C199D1D002C1896 /* ComicApiMapper.swift in Sources */,
				31CE4D412C19A1D2002C1896 /* GenericErrorView.swift in Sources */,
				3132D00C2C1873D300676F73 /* EnvironmentConfiguration.swift in Sources */,
				31ECB7C62C0F6B38000C50BF /* CharacterDetailBuilder.swift in Sources */,
				31CE4D5D2C1B47AA002C1896 /* DomainModel.swift in Sources */,
				312EEC0E2C08AEDC00F5BEAD /* NetworkServiceProvider.swift in Sources */,
				31CE4D332C1998EC002C1896 /* ComicsNetworkRepository.swift in Sources */,
				31CE4D4B2C19FA3F002C1896 /* ComicsLocalRepository.swift in Sources */,
				31ECB7B72C0F3D4A000C50BF /* RepositoryInjector.swift in Sources */,
				31CE4D522C19FE59002C1896 /* FileReaderError.swift in Sources */,
				312EEC432C0A037100F5BEAD /* CharacterDetailView.swift in Sources */,
				312EEC2A2C08CBBC00F5BEAD /* NetworkProviderError.swift in Sources */,
				31011E1F2C04AC0A003B39FD /* MarvelApp.swift in Sources */,
				312EEC332C08D94300F5BEAD /* NetworkUtils.swift in Sources */,
				31CE4D4F2C19FD66002C1896 /* FileReader.swift in Sources */,
				31CE4D5B2C1B43E9002C1896 /* Mapper.swift in Sources */,
				31CE4D302C19988C002C1896 /* ComicsRepository.swift in Sources */,
				31ECB7C22C0F6A16000C50BF /* RoundedCorner.swift in Sources */,
				312EEC242C08C54F00F5BEAD /* CharacterListViewModel.swift in Sources */,
				31CE4D4D2C19FCBC002C1896 /* CharacterLocalModel.swift in Sources */,
				31CE4D3B2C199B09002C1896 /* ComicApiModel.swift in Sources */,
			);
			runOnlyForDeploymentPostprocessing = 0;
		};
/* End PBXSourcesBuildPhase section */

/* Begin XCBuildConfiguration section */
		31011E272C04AC0C003B39FD /* Debug */ = {
			isa = XCBuildConfiguration;
			baseConfigurationReference = 3132D00F2C1877A900676F73 /* ApiConfig.xcconfig */;
			buildSettings = {
				ALWAYS_SEARCH_USER_PATHS = NO;
				ASSETCATALOG_COMPILER_GENERATE_SWIFT_ASSET_SYMBOL_EXTENSIONS = YES;
				CLANG_ANALYZER_NONNULL = YES;
				CLANG_ANALYZER_NUMBER_OBJECT_CONVERSION = YES_AGGRESSIVE;
				CLANG_CXX_LANGUAGE_STANDARD = "gnu++20";
				CLANG_ENABLE_MODULES = YES;
				CLANG_ENABLE_OBJC_ARC = YES;
				CLANG_ENABLE_OBJC_WEAK = YES;
				CLANG_WARN_BLOCK_CAPTURE_AUTORELEASING = YES;
				CLANG_WARN_BOOL_CONVERSION = YES;
				CLANG_WARN_COMMA = YES;
				CLANG_WARN_CONSTANT_CONVERSION = YES;
				CLANG_WARN_DEPRECATED_OBJC_IMPLEMENTATIONS = YES;
				CLANG_WARN_DIRECT_OBJC_ISA_USAGE = YES_ERROR;
				CLANG_WARN_DOCUMENTATION_COMMENTS = YES;
				CLANG_WARN_EMPTY_BODY = YES;
				CLANG_WARN_ENUM_CONVERSION = YES;
				CLANG_WARN_INFINITE_RECURSION = YES;
				CLANG_WARN_INT_CONVERSION = YES;
				CLANG_WARN_NON_LITERAL_NULL_CONVERSION = YES;
				CLANG_WARN_OBJC_IMPLICIT_RETAIN_SELF = YES;
				CLANG_WARN_OBJC_LITERAL_CONVERSION = YES;
				CLANG_WARN_OBJC_ROOT_CLASS = YES_ERROR;
				CLANG_WARN_QUOTED_INCLUDE_IN_FRAMEWORK_HEADER = YES;
				CLANG_WARN_RANGE_LOOP_ANALYSIS = YES;
				CLANG_WARN_STRICT_PROTOTYPES = YES;
				CLANG_WARN_SUSPICIOUS_MOVE = YES;
				CLANG_WARN_UNGUARDED_AVAILABILITY = YES_AGGRESSIVE;
				CLANG_WARN_UNREACHABLE_CODE = YES;
				CLANG_WARN__DUPLICATE_METHOD_MATCH = YES;
				COPY_PHASE_STRIP = NO;
				DEBUG_INFORMATION_FORMAT = dwarf;
				ENABLE_STRICT_OBJC_MSGSEND = YES;
				ENABLE_TESTABILITY = YES;
				ENABLE_USER_SCRIPT_SANDBOXING = YES;
				GCC_C_LANGUAGE_STANDARD = gnu17;
				GCC_DYNAMIC_NO_PIC = NO;
				GCC_NO_COMMON_BLOCKS = YES;
				GCC_OPTIMIZATION_LEVEL = 0;
				GCC_PREPROCESSOR_DEFINITIONS = (
					"DEBUG=1",
					"$(inherited)",
				);
				GCC_WARN_64_TO_32_BIT_CONVERSION = YES;
				GCC_WARN_ABOUT_RETURN_TYPE = YES_ERROR;
				GCC_WARN_UNDECLARED_SELECTOR = YES;
				GCC_WARN_UNINITIALIZED_AUTOS = YES_AGGRESSIVE;
				GCC_WARN_UNUSED_FUNCTION = YES;
				GCC_WARN_UNUSED_VARIABLE = YES;
				IPHONEOS_DEPLOYMENT_TARGET = 17.5;
				LOCALIZATION_PREFERS_STRING_CATALOGS = YES;
				MTL_ENABLE_DEBUG_INFO = INCLUDE_SOURCE;
				MTL_FAST_MATH = YES;
				ONLY_ACTIVE_ARCH = YES;
				SDKROOT = iphoneos;
				SWIFT_ACTIVE_COMPILATION_CONDITIONS = "DEBUG $(inherited)";
				SWIFT_OPTIMIZATION_LEVEL = "-Onone";
			};
			name = Debug;
		};
		31011E282C04AC0C003B39FD /* Release */ = {
			isa = XCBuildConfiguration;
			baseConfigurationReference = 3132D00F2C1877A900676F73 /* ApiConfig.xcconfig */;
			buildSettings = {
				ALWAYS_SEARCH_USER_PATHS = NO;
				ASSETCATALOG_COMPILER_GENERATE_SWIFT_ASSET_SYMBOL_EXTENSIONS = YES;
				CLANG_ANALYZER_NONNULL = YES;
				CLANG_ANALYZER_NUMBER_OBJECT_CONVERSION = YES_AGGRESSIVE;
				CLANG_CXX_LANGUAGE_STANDARD = "gnu++20";
				CLANG_ENABLE_MODULES = YES;
				CLANG_ENABLE_OBJC_ARC = YES;
				CLANG_ENABLE_OBJC_WEAK = YES;
				CLANG_WARN_BLOCK_CAPTURE_AUTORELEASING = YES;
				CLANG_WARN_BOOL_CONVERSION = YES;
				CLANG_WARN_COMMA = YES;
				CLANG_WARN_CONSTANT_CONVERSION = YES;
				CLANG_WARN_DEPRECATED_OBJC_IMPLEMENTATIONS = YES;
				CLANG_WARN_DIRECT_OBJC_ISA_USAGE = YES_ERROR;
				CLANG_WARN_DOCUMENTATION_COMMENTS = YES;
				CLANG_WARN_EMPTY_BODY = YES;
				CLANG_WARN_ENUM_CONVERSION = YES;
				CLANG_WARN_INFINITE_RECURSION = YES;
				CLANG_WARN_INT_CONVERSION = YES;
				CLANG_WARN_NON_LITERAL_NULL_CONVERSION = YES;
				CLANG_WARN_OBJC_IMPLICIT_RETAIN_SELF = YES;
				CLANG_WARN_OBJC_LITERAL_CONVERSION = YES;
				CLANG_WARN_OBJC_ROOT_CLASS = YES_ERROR;
				CLANG_WARN_QUOTED_INCLUDE_IN_FRAMEWORK_HEADER = YES;
				CLANG_WARN_RANGE_LOOP_ANALYSIS = YES;
				CLANG_WARN_STRICT_PROTOTYPES = YES;
				CLANG_WARN_SUSPICIOUS_MOVE = YES;
				CLANG_WARN_UNGUARDED_AVAILABILITY = YES_AGGRESSIVE;
				CLANG_WARN_UNREACHABLE_CODE = YES;
				CLANG_WARN__DUPLICATE_METHOD_MATCH = YES;
				COPY_PHASE_STRIP = NO;
				DEBUG_INFORMATION_FORMAT = "dwarf-with-dsym";
				ENABLE_NS_ASSERTIONS = NO;
				ENABLE_STRICT_OBJC_MSGSEND = YES;
				ENABLE_USER_SCRIPT_SANDBOXING = YES;
				GCC_C_LANGUAGE_STANDARD = gnu17;
				GCC_NO_COMMON_BLOCKS = YES;
				GCC_WARN_64_TO_32_BIT_CONVERSION = YES;
				GCC_WARN_ABOUT_RETURN_TYPE = YES_ERROR;
				GCC_WARN_UNDECLARED_SELECTOR = YES;
				GCC_WARN_UNINITIALIZED_AUTOS = YES_AGGRESSIVE;
				GCC_WARN_UNUSED_FUNCTION = YES;
				GCC_WARN_UNUSED_VARIABLE = YES;
				IPHONEOS_DEPLOYMENT_TARGET = 17.5;
				LOCALIZATION_PREFERS_STRING_CATALOGS = YES;
				MTL_ENABLE_DEBUG_INFO = NO;
				MTL_FAST_MATH = YES;
				SDKROOT = iphoneos;
				SWIFT_COMPILATION_MODE = wholemodule;
				VALIDATE_PRODUCT = YES;
			};
			name = Release;
		};
		31011E2A2C04AC0C003B39FD /* Debug */ = {
			isa = XCBuildConfiguration;
			buildSettings = {
				ASSETCATALOG_COMPILER_APPICON_NAME = AppIcon;
				ASSETCATALOG_COMPILER_GLOBAL_ACCENT_COLOR_NAME = AccentColor;
				ASSETCATALOG_COMPILER_INCLUDE_ALL_APPICON_ASSETS = NO;
				CODE_SIGN_STYLE = Automatic;
				CURRENT_PROJECT_VERSION = 1;
				DEVELOPMENT_ASSET_PATHS = "\"Marvel/Preview Content\"";
				ENABLE_PREVIEWS = YES;
				GENERATE_INFOPLIST_FILE = YES;
				INFOPLIST_FILE = Marvel/Info.plist;
				INFOPLIST_KEY_UIApplicationSceneManifest_Generation = YES;
				INFOPLIST_KEY_UIApplicationSupportsIndirectInputEvents = YES;
				INFOPLIST_KEY_UILaunchStoryboardName = "Launch Screen.storyboard";
				INFOPLIST_KEY_UISupportedInterfaceOrientations_iPad = "UIInterfaceOrientationPortrait UIInterfaceOrientationPortraitUpsideDown UIInterfaceOrientationLandscapeLeft UIInterfaceOrientationLandscapeRight";
				INFOPLIST_KEY_UISupportedInterfaceOrientations_iPhone = "UIInterfaceOrientationPortrait UIInterfaceOrientationLandscapeLeft UIInterfaceOrientationLandscapeRight";
				IPHONEOS_DEPLOYMENT_TARGET = 17.0;
				LD_RUNPATH_SEARCH_PATHS = (
					"$(inherited)",
					"@executable_path/Frameworks",
				);
				MARKETING_VERSION = 1.0;
				PRODUCT_BUNDLE_IDENTIFIER = yorx.Marvel;
				PRODUCT_NAME = "$(TARGET_NAME)";
				SWIFT_EMIT_LOC_STRINGS = YES;
				SWIFT_VERSION = 5.0;
				TARGETED_DEVICE_FAMILY = "1,2";
			};
			name = Debug;
		};
		31011E2B2C04AC0C003B39FD /* Release */ = {
			isa = XCBuildConfiguration;
			buildSettings = {
				ASSETCATALOG_COMPILER_APPICON_NAME = AppIcon;
				ASSETCATALOG_COMPILER_GLOBAL_ACCENT_COLOR_NAME = AccentColor;
				ASSETCATALOG_COMPILER_INCLUDE_ALL_APPICON_ASSETS = NO;
				CODE_SIGN_STYLE = Automatic;
				CURRENT_PROJECT_VERSION = 1;
				DEVELOPMENT_ASSET_PATHS = "\"Marvel/Preview Content\"";
				ENABLE_PREVIEWS = YES;
				GENERATE_INFOPLIST_FILE = YES;
				INFOPLIST_FILE = Marvel/Info.plist;
				INFOPLIST_KEY_UIApplicationSceneManifest_Generation = YES;
				INFOPLIST_KEY_UIApplicationSupportsIndirectInputEvents = YES;
				INFOPLIST_KEY_UILaunchStoryboardName = "Launch Screen.storyboard";
				INFOPLIST_KEY_UISupportedInterfaceOrientations_iPad = "UIInterfaceOrientationPortrait UIInterfaceOrientationPortraitUpsideDown UIInterfaceOrientationLandscapeLeft UIInterfaceOrientationLandscapeRight";
				INFOPLIST_KEY_UISupportedInterfaceOrientations_iPhone = "UIInterfaceOrientationPortrait UIInterfaceOrientationLandscapeLeft UIInterfaceOrientationLandscapeRight";
				IPHONEOS_DEPLOYMENT_TARGET = 17.0;
				LD_RUNPATH_SEARCH_PATHS = (
					"$(inherited)",
					"@executable_path/Frameworks",
				);
				MARKETING_VERSION = 1.0;
				PRODUCT_BUNDLE_IDENTIFIER = yorx.Marvel;
				PRODUCT_NAME = "$(TARGET_NAME)";
				SWIFT_EMIT_LOC_STRINGS = YES;
				SWIFT_VERSION = 5.0;
				TARGETED_DEVICE_FAMILY = "1,2";
			};
			name = Release;
		};
/* End XCBuildConfiguration section */

/* Begin XCConfigurationList section */
		31011E162C04AC0A003B39FD /* Build configuration list for PBXProject "Marvel" */ = {
			isa = XCConfigurationList;
			buildConfigurations = (
				31011E272C04AC0C003B39FD /* Debug */,
				31011E282C04AC0C003B39FD /* Release */,
			);
			defaultConfigurationIsVisible = 0;
			defaultConfigurationName = Release;
		};
		31011E292C04AC0C003B39FD /* Build configuration list for PBXNativeTarget "Marvel" */ = {
			isa = XCConfigurationList;
			buildConfigurations = (
				31011E2A2C04AC0C003B39FD /* Debug */,
				31011E2B2C04AC0C003B39FD /* Release */,
			);
			defaultConfigurationIsVisible = 0;
			defaultConfigurationName = Release;
		};
/* End XCConfigurationList section */

/* Begin XCRemoteSwiftPackageReference section */
		31ECB7BD2C0F62FE000C50BF /* XCRemoteSwiftPackageReference "swiftui-cached-async-image" */ = {
			isa = XCRemoteSwiftPackageReference;
			repositoryURL = "https://github.com/lorenzofiamingo/swiftui-cached-async-image";
			requirement = {
				kind = exactVersion;
				version = 2.1.1;
			};
		};
/* End XCRemoteSwiftPackageReference section */

/* Begin XCSwiftPackageProductDependency section */
		31ECB7BE2C0F62FE000C50BF /* CachedAsyncImage */ = {
			isa = XCSwiftPackageProductDependency;
			package = 31ECB7BD2C0F62FE000C50BF /* XCRemoteSwiftPackageReference "swiftui-cached-async-image" */;
			productName = CachedAsyncImage;
		};
/* End XCSwiftPackageProductDependency section */
	};
	rootObject = 31011E132C04AC0A003B39FD /* Project object */;
}
